
Microsoft Visual Studio Solution File, Format Version 12.00
# Visual Studio Version 17
VisualStudioVersion = 17.6.33829.357
MinimumVisualStudioVersion = 10.0.40219.1
Project("{FAE04EC0-301F-11D3-BF4B-00C04F79EFBC}") = "DastakWebApi", "DastakWebApi\DastakWebApi.csproj", "{3E10A916-EF2B-47C5-A49A-B29609251949}"
EndProject
Global
	GlobalSection(SolutionConfigurationPlatforms) = preSolution
		Debug|Any CPU = Debug|Any CPU
		Release|Any CPU = Release|Any CPU
	EndGlobalSection
	GlobalSection(ProjectConfigurationPlatforms) = postSolution
		{3E10A916-EF2B-47C5-A49A-B29609251949}.Debug|Any CPU.ActiveCfg = Debug|Any CPU
		{3E10A916-EF2B-47C5-A49A-B29609251949}.Debug|Any CPU.Build.0 = Debug|Any CPU
		{3E10A916-EF2B-47C5-A49A-B29609251949}.Release|Any CPU.ActiveCfg = Release|Any CPU
		{3E10A916-EF2B-47C5-A49A-B29609251949}.Release|Any CPU.Build.0 = Release|Any CPU
	EndGlobalSection
	GlobalSection(SolutionProperties) = preSolution
		HideSolutionNode = FALSE
	EndGlobalSection
	GlobalSection(ExtensibilityGlobals) = postSolution
		SolutionGuid = {2FCAFEF6-6CD7-4E4D-9EEE-3860DCB9D3E4}
	EndGlobalSection
EndGlobal
